// !$*UTF8*$!
{
	archiveVersion = 1;
	classes = {
	};
	objectVersion = 46;
	objects = {

/* Begin PBXBuildFile section */
		27431FA01EF7E3D30090E449 /* IDCPageViewController.m in Sources */ = {isa = PBXBuildFile; fileRef = 27431F9F1EF7E3D30090E449 /* IDCPageViewController.m */; };
		27431FA11EF7E3D30090E449 /* IDCPageViewController.h in CopyFiles */ = {isa = PBXBuildFile; fileRef = 27431F9E1EF7E3D30090E449 /* IDCPageViewController.h */; };
		27431FA91EF7E3F30090E449 /* UIKit.framework in Frameworks */ = {isa = PBXBuildFile; fileRef = 27431FA81EF7E3F30090E449 /* UIKit.framework */; };
/* End PBXBuildFile section */

/* Begin PBXCopyFilesBuildPhase section */
		27431F991EF7E3D30090E449 /* CopyFiles */ = {
			isa = PBXCopyFilesBuildPhase;
			buildActionMask = 2147483647;
			dstPath = "include/$(PRODUCT_NAME)";
			dstSubfolderSpec = 16;
			files = (
				27431FA11EF7E3D30090E449 /* IDCPageViewController.h in CopyFiles */,
			);
			runOnlyForDeploymentPostprocessing = 0;
		};
/* End PBXCopyFilesBuildPhase section */

/* Begin PBXFileReference section */
		27431F9B1EF7E3D30090E449 /* libIDCPageViewController.a */ = {isa = PBXFileReference; explicitFileType = archive.ar; includeInIndex = 0; path = libIDCPageViewController.a; sourceTree = BUILT_PRODUCTS_DIR; };
		27431F9E1EF7E3D30090E449 /* IDCPageViewController.h */ = {isa = PBXFileReference; lastKnownFileType = sourcecode.c.h; path = IDCPageViewController.h; sourceTree = "<group>"; };
		27431F9F1EF7E3D30090E449 /* IDCPageViewController.m */ = {isa = PBXFileReference; lastKnownFileType = sourcecode.c.objc; path = IDCPageViewController.m; sourceTree = "<group>"; };
		27431FA81EF7E3F30090E449 /* UIKit.framework */ = {isa = PBXFileReference; lastKnownFileType = wrapper.framework; name = UIKit.framework; path = System/Library/Frameworks/UIKit.framework; sourceTree = SDKROOT; };
/* End PBXFileReference section */

/* Begin PBXFrameworksBuildPhase section */
		27431F981EF7E3D30090E449 /* Frameworks */ = {
			isa = PBXFrameworksBuildPhase;
			buildActionMask = 2147483647;
			files = (
				27431FA91EF7E3F30090E449 /* UIKit.framework in Frameworks */,
			);
			runOnlyForDeploymentPostprocessing = 0;
		};
/* End PBXFrameworksBuildPhase section */

/* Begin PBXGroup section */
		27431F921EF7E3D30090E449 = {
			isa = PBXGroup;
			children = (
				27431F9D1EF7E3D30090E449 /* IDCPageViewController */,
				27431F9C1EF7E3D30090E449 /* Products */,
				27431FA71EF7E3F30090E449 /* Frameworks */,
			);
			sourceTree = "<group>";
		};
		27431F9C1EF7E3D30090E449 /* Products */ = {
			isa = PBXGroup;
			children = (
				27431F9B1EF7E3D30090E449 /* libIDCPageViewController.a */,
			);
			name = Products;
			sourceTree = "<group>";
		};
		27431F9D1EF7E3D30090E449 /* IDCPageViewController */ = {
			isa = PBXGroup;
			children = (
				27431F9E1EF7E3D30090E449 /* IDCPageViewController.h */,
				27431F9F1EF7E3D30090E449 /* IDCPageViewController.m */,
			);
			path = IDCPageViewController;
			sourceTree = "<group>";
		};
		27431FA71EF7E3F30090E449 /* Frameworks */ = {
			isa = PBXGroup;
			children = (
				27431FA81EF7E3F30090E449 /* UIKit.framework */,
			);
			name = Frameworks;
			sourceTree = "<group>";
		};
/* End PBXGroup section */

/* Begin PBXNativeTarget section */
		27431F9A1EF7E3D30090E449 /* IDCPageViewController */ = {
			isa = PBXNativeTarget;
			buildConfigurationList = 27431FA41EF7E3D30090E449 /* Build configuration list for PBXNativeTarget "IDCPageViewController" */;
			buildPhases = (
				27431F971EF7E3D30090E449 /* Sources */,
				27431F981EF7E3D30090E449 /* Frameworks */,
				27431F991EF7E3D30090E449 /* CopyFiles */,
			);
			buildRules = (
			);
			dependencies = (
			);
			name = IDCPageViewController;
			productName = IDCPageViewController;
			productReference = 27431F9B1EF7E3D30090E449 /* libIDCPageViewController.a */;
			productType = "com.apple.product-type.library.static";
		};
/* End PBXNativeTarget section */

/* Begin PBXProject section */
		27431F931EF7E3D30090E449 /* Project object */ = {
			isa = PBXProject;
			attributes = {
				LastUpgradeCheck = 0810;
				ORGANIZATIONNAME = idol_ios;
				TargetAttributes = {
					27431F9A1EF7E3D30090E449 = {
						CreatedOnToolsVersion = 8.1;
						ProvisioningStyle = Automatic;
					};
				};
			};
			buildConfigurationList = 27431F961EF7E3D30090E449 /* Build configuration list for PBXProject "IDCPageViewController" */;
			compatibilityVersion = "Xcode 3.2";
			developmentRegion = English;
			hasScannedForEncodings = 0;
			knownRegions = (
				en,
			);
			mainGroup = 27431F921EF7E3D30090E449;
			productRefGroup = 27431F9C1EF7E3D30090E449 /* Products */;
			projectDirPath = "";
			projectRoot = "";
			targets = (
				27431F9A1EF7E3D30090E449 /* IDCPageViewController */,
			);
		};
/* End PBXProject section */

/* Begin PBXSourcesBuildPhase section */
		27431F971EF7E3D30090E449 /* Sources */ = {
			isa = PBXSourcesBuildPhase;
			buildActionMask = 2147483647;
			files = (
				27431FA01EF7E3D30090E449 /* IDCPageViewController.m in Sources */,
			);
			runOnlyForDeploymentPostprocessing = 0;
		};
/* End PBXSourcesBuildPhase section */

/* Begin XCBuildConfiguration section */
		27431FA21EF7E3D30090E449 /* Debug */ = {
			isa = XCBuildConfiguration;
			buildSettings = {
				ALWAYS_SEARCH_USER_PATHS = NO;
				CLANG_ANALYZER_NONNULL = YES;
				CLANG_CXX_LANGUAGE_STANDARD = "gnu++0x";
				CLANG_CXX_LIBRARY = "libc++";
				CLANG_ENABLE_MODULES = YES;
				CLANG_ENABLE_OBJC_ARC = YES;
				CLANG_WARN_BOOL_CONVERSION = YES;
				CLANG_WARN_CONSTANT_CONVERSION = YES;
				CLANG_WARN_DIRECT_OBJC_ISA_USAGE = YES_ERROR;
				CLANG_WARN_DOCUMENTATION_COMMENTS = YES;
				CLANG_WARN_EMPTY_BODY = YES;
				CLANG_WARN_ENUM_CONVERSION = YES;
				CLANG_WARN_INFINITE_RECURSION = YES;
				CLANG_WARN_INT_CONVERSION = YES;
				CLANG_WARN_OBJC_ROOT_CLASS = YES_ERROR;
				CLANG_WARN_SUSPICIOUS_MOVES = YES;
				CLANG_WARN_UNREACHABLE_CODE = YES;
				CLANG_WARN__DUPLICATE_METHOD_MATCH = YES;
				"CODE_SIGN_IDENTITY[sdk=iphoneos*]" = "iPhone Developer";
				COPY_PHASE_STRIP = NO;
				DEBUG_INFORMATION_FORMAT = dwarf;
				ENABLE_STRICT_OBJC_MSGSEND = YES;
				ENABLE_TESTABILITY = YES;
				GCC_C_LANGUAGE_STANDARD = gnu99;
				GCC_DYNAMIC_NO_PIC = NO;
				GCC_NO_COMMON_BLOCKS = YES;
				GCC_OPTIMIZATION_LEVEL = 0;
				GCC_PREPROCESSOR_DEFINITIONS = (
					"DEBUG=1",
					"$(inherited)",
				);
				GCC_WARN_64_TO_32_BIT_CONVERSION = YES;
				GCC_WARN_ABOUT_RETURN_TYPE = YES_ERROR;
				GCC_WARN_UNDECLARED_SELECTOR = YES;
				GCC_WARN_UNINITIALIZED_AUTOS = YES_AGGRESSIVE;
				GCC_WARN_UNUSED_FUNCTION = YES;
				GCC_WARN_UNUSED_VARIABLE = YES;
				IPHONEOS_DEPLOYMENT_TARGET = 10.1;
				MTL_ENABLE_DEBUG_INFO = YES;
				ONLY_ACTIVE_ARCH = YES;
				SDKROOT = iphoneos;
			};
			name = Debug;
		};
		27431FA31EF7E3D30090E449 /* Release */ = {
			isa = XCBuildConfiguration;
			buildSettings = {
				ALWAYS_SEARCH_USER_PATHS = NO;
				CLANG_ANALYZER_NONNULL = YES;
				CLANG_CXX_LANGUAGE_STANDARD = "gnu++0x";
				CLANG_CXX_LIBRARY = "libc++";
				CLANG_ENABLE_MODULES = YES;
				CLANG_ENABLE_OBJC_ARC = YES;
				CLANG_WARN_BOOL_CONVERSION = YES;
				CLANG_WARN_CONSTANT_CONVERSION = YES;
				CLANG_WARN_DIRECT_OBJC_ISA_USAGE = YES_ERROR;
				CLANG_WARN_DOCUMENTATION_COMMENTS = YES;
				CLANG_WARN_EMPTY_BODY = YES;
				CLANG_WARN_ENUM_CONVERSION = YES;
				CLANG_WARN_INFINITE_RECURSION = YES;
				CLANG_WARN_INT_CONVERSION = YES;
				CLANG_WARN_OBJC_ROOT_CLASS = YES_ERROR;
				CLANG_WARN_SUSPICIOUS_MOVES = YES;
				CLANG_WARN_UNREACHABLE_CODE = YES;
				CLANG_WARN__DUPLICATE_METHOD_MATCH = YES;
				"CODE_SIGN_IDENTITY[sdk=iphoneos*]" = "iPhone Developer";
				COPY_PHASE_STRIP = NO;
				DEBUG_INFORMATION_FORMAT = "dwarf-with-dsym";
				ENABLE_NS_ASSERTIONS = NO;
				ENABLE_STRICT_OBJC_MSGSEND = YES;
				GCC_C_LANGUAGE_STANDARD = gnu99;
				GCC_NO_COMMON_BLOCKS = YES;
				GCC_WARN_64_TO_32_BIT_CONVERSION = YES;
				GCC_WARN_ABOUT_RETURN_TYPE = YES_ERROR;
				GCC_WARN_UNDECLARED_SELECTOR = YES;
				GCC_WARN_UNINITIALIZED_AUTOS = YES_AGGRESSIVE;
				GCC_WARN_UNUSED_FUNCTION = YES;
				GCC_WARN_UNUSED_VARIABLE = YES;
				IPHONEOS_DEPLOYMENT_TARGET = 10.1;
				MTL_ENABLE_DEBUG_INFO = NO;
				SDKROOT = iphoneos;
				VALIDATE_PRODUCT = YES;
			};
			name = Release;
		};
		27431FA51EF7E3D30090E449 /* Debug */ = {
			isa = XCBuildConfiguration;
			buildSettings = {
				ENABLE_BITCODE = YES;
				OTHER_LDFLAGS = "-ObjC";
				PRODUCT_NAME = "$(TARGET_NAME)";
				SKIP_INSTALL = YES;
			};
			name = Debug;
		};
		27431FA61EF7E3D30090E449 /* Release */ = {
			isa = XCBuildConfiguration;
			buildSettings = {
				ENABLE_BITCODE = YES;
				OTHER_LDFLAGS = "-ObjC";
				PRODUCT_NAME = "$(TARGET_NAME)";
				SKIP_INSTALL = YES;
			};
			name = Release;
		};
/* End XCBuildConfiguration section */

/* Begin XCConfigurationList section */
		27431F961EF7E3D30090E449 /* Build configuration list for PBXProject "IDCPageViewController" */ = {
			isa = XCConfigurationList;
			buildConfigurations = (
				27431FA21EF7E3D30090E449 /* Debug */,
				27431FA31EF7E3D30090E449 /* Release */,
			);
			defaultConfigurationIsVisible = 0;
			defaultConfigurationName = Release;
		};
		27431FA41EF7E3D30090E449 /* Build configuration list for PBXNativeTarget "IDCPageViewController" */ = {
			isa = XCConfigurationList;
			buildConfigurations = (
				27431FA51EF7E3D30090E449 /* Debug */,
				27431FA61EF7E3D30090E449 /* Release */,
			);
			defaultConfigurationIsVisible = 0;
			defaultConfigurationName = Release;
		};
/* End XCConfigurationList section */
	};
	rootObject = 27431F931EF7E3D30090E449 /* Project object */;
}
